
Microsoft Visual Studio Solution File, Format Version 12.00
# Visual Studio 2013
VisualStudioVersion = 12.0.30110.0
MinimumVisualStudioVersion = 10.0.40219.1
Project("{FAE04EC0-301F-11D3-BF4B-00C04F79EFBC}") = "EPiDefaultValues", "EPiDefaultValues\EPiDefaultValues.csproj", "{4111C498-CC6C-46E2-B304-5C92F7CE37F1}"
EndProject
Project("{FAE04EC0-301F-11D3-BF4B-00C04F79EFBC}") = "EPiDefaultValuesMvcSample", "EPiDefaultValuesMvcSample\EPiDefaultValuesMvcSample.csproj", "{3D79ADE5-DADB-47D2-933D-E98F9773AFAD}"
EndProject
Project("{2150E333-8FDC-42A3-9474-1A3956D46DE8}") = ".nuget", ".nuget", "{188B4400-A3A3-4DD8-9E8B-21C5601AE709}"
	ProjectSection(SolutionItems) = preProject
		.nuget\NuGet.Config = .nuget\NuGet.Config
		.nuget\NuGet.exe = .nuget\NuGet.exe
		.nuget\NuGet.targets = .nuget\NuGet.targets
	EndProjectSection
EndProject
Project("{2150E333-8FDC-42A3-9474-1A3956D46DE8}") = "Solution Items", "Solution Items", "{289E948A-146A-41F7-995F-B93FEA5E4848}"
	ProjectSection(SolutionItems) = preProject
		deployment\Push-To-NuGet.ps1 = deployment\Push-To-NuGet.ps1
	EndProjectSection
EndProject
Global
	GlobalSection(SolutionConfigurationPlatforms) = preSolution
		Debug|Any CPU = Debug|Any CPU
		Release|Any CPU = Release|Any CPU
	EndGlobalSection
	GlobalSection(ProjectConfigurationPlatforms) = postSolution
		{4111C498-CC6C-46E2-B304-5C92F7CE37F1}.Debug|Any CPU.ActiveCfg = Debug|Any CPU
		{4111C498-CC6C-46E2-B304-5C92F7CE37F1}.Debug|Any CPU.Build.0 = Debug|Any CPU
		{4111C498-CC6C-46E2-B304-5C92F7CE37F1}.Release|Any CPU.ActiveCfg = Release|Any CPU
		{4111C498-CC6C-46E2-B304-5C92F7CE37F1}.Release|Any CPU.Build.0 = Release|Any CPU
		{3D79ADE5-DADB-47D2-933D-E98F9773AFAD}.Debug|Any CPU.ActiveCfg = Debug|Any CPU
		{3D79ADE5-DADB-47D2-933D-E98F9773AFAD}.Debug|Any CPU.Build.0 = Debug|Any CPU
		{3D79ADE5-DADB-47D2-933D-E98F9773AFAD}.Release|Any CPU.ActiveCfg = Release|Any CPU
	EndGlobalSection
	GlobalSection(SolutionProperties) = preSolution
		HideSolutionNode = FALSE
	EndGlobalSection
EndGlobal
